PODS:
  - Alamofire (4.8.0)
  - Mocker (2.5.5)
  - SDWebImage (4.4.3):
    - SDWebImage/Core (= 4.4.3)
  - SDWebImage/Core (4.4.3)

DEPENDENCIES:
  - Alamofire
  - Mocker (~> 2.5.4)
  - SDWebImage (~> 4.0)

SPEC REPOS:
  trunk:
    - Alamofire
    - Mocker
    - SDWebImage

SPEC CHECKSUMS:
  Alamofire: 3ec537f71edc9804815215393ae2b1a8ea33a844
  Mocker: 8c731a8104962f246cadf2b02556218e9edc1390
  SDWebImage: c5594f1a19c48d526d321e548902b56b479cd508

PODFILE CHECKSUM: 8db7760011f9fcbfdfb1e3f9808aca57a6f437b1

COCOAPODS: 1.11.2
